
Microsoft Visual Studio Solution File, Format Version 12.00
# Visual Studio Version 16
VisualStudioVersion = 16.0.29209.62
MinimumVisualStudioVersion = 10.0.40219.1
Project("{FAE04EC0-301F-11D3-BF4B-00C04F79EFBC}") = "SausageStand", "SausageStand\SausageStand.csproj", "{6A65DFD9-8B3C-46CB-8FAE-CF10BF77FACE}"
EndProject
Global
	GlobalSection(SolutionConfigurationPlatforms) = preSolution
		Debug|Any CPU = Debug|Any CPU
		Release|Any CPU = Release|Any CPU
	EndGlobalSection
	GlobalSection(ProjectConfigurationPlatforms) = postSolution
		{6A65DFD9-8B3C-46CB-8FAE-CF10BF77FACE}.Debug|Any CPU.ActiveCfg = Debug|Any CPU
		{6A65DFD9-8B3C-46CB-8FAE-CF10BF77FACE}.Debug|Any CPU.Build.0 = Debug|Any CPU
		{6A65DFD9-8B3C-46CB-8FAE-CF10BF77FACE}.Release|Any CPU.ActiveCfg = Release|Any CPU
		{6A65DFD9-8B3C-46CB-8FAE-CF10BF77FACE}.Release|Any CPU.Build.0 = Release|Any CPU
	EndGlobalSection
	GlobalSection(SolutionProperties) = preSolution
		HideSolutionNode = FALSE
	EndGlobalSection
	GlobalSection(ExtensibilityGlobals) = postSolution
		SolutionGuid = {DE1086B1-BF88-4971-8684-552D7A464E10}
	EndGlobalSection
EndGlobal
